
Microsoft Visual Studio Solution File, Format Version 12.00
# Visual Studio Version 16
VisualStudioVersion = 16.0.29609.76
MinimumVisualStudioVersion = 10.0.40219.1
Project("{FAE04EC0-301F-11D3-BF4B-00C04F79EFBC}") = "QandA", "QandA\QandA.csproj", "{CF00836E-6760-4471-8775-208165050B2A}"
EndProject
Global
	GlobalSection(SolutionConfigurationPlatforms) = preSolution
		Debug|Any CPU = Debug|Any CPU
		Release|Any CPU = Release|Any CPU
	EndGlobalSection
	GlobalSection(ProjectConfigurationPlatforms) = postSolution
		{CF00836E-6760-4471-8775-208165050B2A}.Debug|Any CPU.ActiveCfg = Debug|Any CPU
		{CF00836E-6760-4471-8775-208165050B2A}.Debug|Any CPU.Build.0 = Debug|Any CPU
		{CF00836E-6760-4471-8775-208165050B2A}.Release|Any CPU.ActiveCfg = Release|Any CPU
		{CF00836E-6760-4471-8775-208165050B2A}.Release|Any CPU.Build.0 = Release|Any CPU
	EndGlobalSection
	GlobalSection(SolutionProperties) = preSolution
		HideSolutionNode = FALSE
	EndGlobalSection
	GlobalSection(ExtensibilityGlobals) = postSolution
		SolutionGuid = {A51EB22D-81C4-4F1A-A035-B731C5ACF1BC}
	EndGlobalSection
EndGlobal
